{
  "nodes": {
    "cass": {
      "flake": false,
      "locked": {
        "lastModified": 1771383304,
        "narHash": "sha256-Nqm5P/O8NWKjznm5rchYX9iJWHg2zDtYeeil/omv+00=",
        "owner": "Dicklesworthstone",
        "repo": "coding_agent_session_search",
        "rev": "9bec749af752d3e1fe63c8a8958e3c984a7bc213",
        "type": "github"
      },
      "original": {
        "owner": "Dicklesworthstone",
        "repo": "coding_agent_session_search",
        "type": "github"
      }
    },
    "home-manager": {
      "inputs": {
        "nixpkgs": [
          "nixpkgs"
        ]
      },
      "locked": {
        "lastModified": 1768240557,
        "narHash": "sha256-bVqJ34yMiiUQwYhjliiiN5LBH1Y+UldbIjNTCUtDdwE=",
        "owner": "nix-community",
        "repo": "home-manager",
        "rev": "b3f737e70fb9eef1d2308ea6738ffed5ae080f9b",
        "type": "github"
      },
      "original": {
        "owner": "nix-community",
        "repo": "home-manager",
        "type": "github"
      }
    },
    "nixpkgs": {
      "locked": {
        "lastModified": 1768127708,
        "narHash": "sha256-1Sm77VfZh3mU0F5OqKABNLWxOuDeHIlcFjsXeeiPazs=",
        "owner": "NixOS",
        "repo": "nixpkgs",
        "rev": "ffbc9f8cbaacfb331b6017d5a5abb21a492c9a38",
        "type": "github"
      },
      "original": {
        "owner": "NixOS",
        "ref": "nixos-unstable",
        "repo": "nixpkgs",
        "type": "github"
      }
    },
    "prime-agent-src": {
      "flake": false,
      "locked": {
        "lastModified": 1785955153,
        "narHash": "sha256-byn8Est+Jrr/C52nUyJOQmiegCzaEVXeCOHnGsfZB+k=",
        "owner": "PrimeIntellect-ai",
        "repo": "prime-agent",
        "rev": "be9e2fa0714e7cd1c6bd9bdb1b554d2cc6550387",
        "type": "github"
      },
      "original": {
        "owner": "PrimeIntellect-ai",
        "ref": "v0.7.0",
        "repo": "prime-agent",
        "type": "github"
      }
    },
    "root": {
      "inputs": {
        "cass": "cass",
        "home-manager": "home-manager",
        "nixpkgs": "nixpkgs",
        "prime-agent-src": "prime-agent-src"
      }
    }
  },
  "root": "root",
  "version": 7
}
